
Microsoft Visual Studio Solution File, Format Version 12.00
# Visual Studio 14
VisualStudioVersion = 14.0.25123.0
MinimumVisualStudioVersion = 12.0
Project("{2150E333-8FDC-42A3-9474-1A3956D46DE8}") = "examples", "examples", "{B0B3DF26-6B87-48E2-8480-131E47286015}"
EndProject
Project("{2150E333-8FDC-42A3-9474-1A3956D46DE8}") = "Driver", "Driver", "{3F543635-FF30-4B88-B55C-1C74FC3BF793}"
EndProject
Project("{8BC9CEB8-8B4A-11D0-8D11-00A0C91BC942}") = "asynccom", "driver\synccom.vcxproj", "{5A1B3836-9A4A-43A0-85CC-96F7E1F1F063}"
EndProject
Project("{2150E333-8FDC-42A3-9474-1A3956D46DE8}") = "tools", "tools", "{4665CB92-2F38-425C-AE13-E2F64CE216A2}"
EndProject
Project("{8BC9CEB8-8B4A-11D0-8D11-00A0C91BC942}") = "clock-rate", "examples\clock-rate\clock-rate.vcxproj", "{C7365361-D748-4AF9-BC14-0DDF83D6B803}"
EndProject
Project("{8BC9CEB8-8B4A-11D0-8D11-00A0C91BC942}") = "custom-divisor", "examples\custom-divisor\custom-divisor.vcxproj", "{A393D480-CCEF-474E-B909-51BD826FCB1B}"
EndProject
Project("{8BC9CEB8-8B4A-11D0-8D11-00A0C91BC942}") = "echo-cancel", "examples\echo-cancel\echo-cancel.vcxproj", "{432ACD66-8797-4B87-BA40-1C131BE43307}"
EndProject
Project("{8BC9CEB8-8B4A-11D0-8D11-00A0C91BC942}") = "external-transmit", "examples\external-transmit\external-transmit.vcxproj", "{54812416-8B74-482E-9106-91DAFFBFDF20}"
EndProject
Project("{8BC9CEB8-8B4A-11D0-8D11-00A0C91BC942}") = "frame-length", "examples\frame-length\frame-length.vcxproj", "{02E81D71-3C82-444B-B3A3-ADA3A3BDAE9A}"
EndProject
Project("{8BC9CEB8-8B4A-11D0-8D11-00A0C91BC942}") = "nine-bit", "examples\nine-bit\nine-bit.vcxproj", "{A00915E7-5F99-49DC-9E66-DE3770D99D90}"
EndProject
Project("{8BC9CEB8-8B4A-11D0-8D11-00A0C91BC942}") = "rs485", "examples\rs485\rs485.vcxproj", "{09BE382E-9210-4AFF-A2B1-110D16F6605F}"
EndProject
Project("{8BC9CEB8-8B4A-11D0-8D11-00A0C91BC942}") = "rx-trigger", "examples\rx-trigger\rx-trigger.vcxproj", "{5CE27667-EEB2-4501-B232-92891714B347}"
EndProject
Project("{8BC9CEB8-8B4A-11D0-8D11-00A0C91BC942}") = "tx-trigger", "examples\tx-trigger\tx-trigger.vcxproj", "{54C846C8-2402-474D-A729-22E9AA27E74E}"
EndProject
Project("{8BC9CEB8-8B4A-11D0-8D11-00A0C91BC942}") = "sample-rate", "examples\sample-rate\sample-rate.vcxproj", "{148BB68D-7118-4D5E-971E-2A4EAA1C8D89}"
EndProject
Project("{8BC9CEB8-8B4A-11D0-8D11-00A0C91BC942}") = "tutorial", "examples\tutorial\tutorial.vcxproj", "{8C0C908E-8A24-4121-823E-003701173D83}"
EndProject
Project("{8BC9CEB8-8B4A-11D0-8D11-00A0C91BC942}") = "loop-test", "tools\loop-test\loop-test.vcxproj", "{FB7D322F-691B-4F0F-8F98-73E67F5FDCB8}"
EndProject
Project("{8BC9CEB8-8B4A-11D0-8D11-00A0C91BC942}") = "reprogram-asynccom", "tools\reprogram-asynccom\reprogram-asynccom.vcxproj", "{30D51D2B-DACE-4732-9F0B-43A87F35277B}"
EndProject
Global
	GlobalSection(SolutionConfigurationPlatforms) = preSolution
		Debug|Any CPU = Debug|Any CPU
		Debug|Win32 = Debug|Win32
		Debug|x64 = Debug|x64
		Release|Any CPU = Release|Any CPU
		Release|Win32 = Release|Win32
		Release|x64 = Release|x64
		Win7Debug|Any CPU = Win7Debug|Any CPU
		Win7Debug|Win32 = Win7Debug|Win32
		Win7Debug|x64 = Win7Debug|x64
		Win7Release|Any CPU = Win7Release|Any CPU
		Win7Release|Win32 = Win7Release|Win32
		Win7Release|x64 = Win7Release|x64
		Win8.1Debug|Any CPU = Win8.1Debug|Any CPU
		Win8.1Debug|Win32 = Win8.1Debug|Win32
		Win8.1Debug|x64 = Win8.1Debug|x64
		Win8.1Release|Any CPU = Win8.1Release|Any CPU
		Win8.1Release|Win32 = Win8.1Release|Win32
		Win8.1Release|x64 = Win8.1Release|x64
		Win8Debug|Any CPU = Win8Debug|Any CPU
		Win8Debug|Win32 = Win8Debug|Win32
		Win8Debug|x64 = Win8Debug|x64
		Win8Release|Any CPU = Win8Release|Any CPU
		Win8Release|Win32 = Win8Release|Win32
		Win8Release|x64 = Win8Release|x64
	EndGlobalSection
	GlobalSection(ProjectConfigurationPlatforms) = postSolution
		{5A1B3836-9A4A-43A0-85CC-96F7E1F1F063}.Debug|Any CPU.ActiveCfg = Win8.1Release|x64
		{5A1B3836-9A4A-43A0-85CC-96F7E1F1F063}.Debug|Any CPU.Build.0 = Win8.1Release|x64
		{5A1B3836-9A4A-43A0-85CC-96F7E1F1F063}.Debug|Any CPU.Deploy.0 = Win8.1Release|x64
		{5A1B3836-9A4A-43A0-85CC-96F7E1F1F063}.Debug|Win32.ActiveCfg = Win8.1Debug|Win32
		{5A1B3836-9A4A-43A0-85CC-96F7E1F1F063}.Debug|Win32.Build.0 = Win8.1Debug|Win32
		{5A1B3836-9A4A-43A0-85CC-96F7E1F1F063}.Debug|Win32.Deploy.0 = Win8.1Debug|Win32
		{5A1B3836-9A4A-43A0-85CC-96F7E1F1F063}.Debug|x64.ActiveCfg = Win8.1Debug|x64
		{5A1B3836-9A4A-43A0-85CC-96F7E1F1F063}.Debug|x64.Build.0 = Win8.1Debug|x64
		{5A1B3836-9A4A-43A0-85CC-96F7E1F1F063}.Debug|x64.Deploy.0 = Win8.1Debug|x64
		{5A1B3836-9A4A-43A0-85CC-96F7E1F1F063}.Release|Any CPU.ActiveCfg = Win8.1Release|x64
		{5A1B3836-9A4A-43A0-85CC-96F7E1F1F063}.Release|Any CPU.Build.0 = Win8.1Release|x64
		{5A1B3836-9A4A-43A0-85CC-96F7E1F1F063}.Release|Any CPU.Deploy.0 = Win8.1Release|x64
		{5A1B3836-9A4A-43A0-85CC-96F7E1F1F063}.Release|Win32.ActiveCfg = Win8.1Release|Win32
		{5A1B3836-9A4A-43A0-85CC-96F7E1F1F063}.Release|Win32.Build.0 = Win8.1Release|Win32
		{5A1B3836-9A4A-43A0-85CC-96F7E1F1F063}.Release|Win32.Deploy.0 = Win8.1Release|Win32
		{5A1B3836-9A4A-43A0-85CC-96F7E1F1F063}.Release|x64.ActiveCfg = Win7Release|x64
		{5A1B3836-9A4A-43A0-85CC-96F7E1F1F063}.Release|x64.Build.0 = Win7Release|x64
		{5A1B3836-9A4A-43A0-85CC-96F7E1F1F063}.Release|x64.Deploy.0 = Win7Release|x64
		{5A1B3836-9A4A-43A0-85CC-96F7E1F1F063}.Win7Debug|Any CPU.ActiveCfg = Win8.1Release|x64
		{5A1B3836-9A4A-43A0-85CC-96F7E1F1F063}.Win7Debug|Any CPU.Build.0 = Win8.1Release|x64
		{5A1B3836-9A4A-43A0-85CC-96F7E1F1F063}.Win7Debug|Any CPU.Deploy.0 = Win8.1Release|x64
		{5A1B3836-9A4A-43A0-85CC-96F7E1F1F063}.Win7Debug|Win32.ActiveCfg = Win7Release|Win32
		{5A1B3836-9A4A-43A0-85CC-96F7E1F1F063}.Win7Debug|Win32.Build.0 = Win7Release|Win32
		{5A1B3836-9A4A-43A0-85CC-96F7E1F1F063}.Win7Debug|Win32.Deploy.0 = Win7Release|Win32
		{5A1B3836-9A4A-43A0-85CC-96F7E1F1F063}.Win7Debug|x64.ActiveCfg = Win7Debug|x64
		{5A1B3836-9A4A-43A0-85CC-96F7E1F1F063}.Win7Debug|x64.Build.0 = Win7Debug|x64
		{5A1B3836-9A4A-43A0-85CC-96F7E1F1F063}.Win7Debug|x64.Deploy.0 = Win7Debug|x64
		{5A1B3836-9A4A-43A0-85CC-96F7E1F1F063}.Win7Release|Any CPU.ActiveCfg = Win8.1Release|x64
		{5A1B3836-9A4A-43A0-85CC-96F7E1F1F063}.Win7Release|Any CPU.Build.0 = Win8.1Release|x64
		{5A1B3836-9A4A-43A0-85CC-96F7E1F1F063}.Win7Release|Any CPU.Deploy.0 = Win8.1Release|x64
		{5A1B3836-9A4A-43A0-85CC-96F7E1F1F063}.Win7Release|Win32.ActiveCfg = Win7Release|Win32
		{5A1B3836-9A4A-43A0-85CC-96F7E1F1F063}.Win7Release|Win32.Build.0 = Win7Release|Win32
		{5A1B3836-9A4A-43A0-85CC-96F7E1F1F063}.Win7Release|Win32.Deploy.0 = Win7Release|Win32
		{5A1B3836-9A4A-43A0-85CC-96F7E1F1F063}.Win7Release|x64.ActiveCfg = Win7Release|x64
		{5A1B3836-9A4A-43A0-85CC-96F7E1F1F063}.Win7Release|x64.Build.0 = Win7Release|x64
		{5A1B3836-9A4A-43A0-85CC-96F7E1F1F063}.Win8.1Debug|Any CPU.ActiveCfg = Win8.1Release|x64
		{5A1B3836-9A4A-43A0-85CC-96F7E1F1F063}.Win8.1Debug|Any CPU.Build.0 = Win8.1Release|x64
		{5A1B3836-9A4A-43A0-85CC-96F7E1F1F063}.Win8.1Debug|Any CPU.Deploy.0 = Win8.1Release|x64
		{5A1B3836-9A4A-43A0-85CC-96F7E1F1F063}.Win8.1Debug|Win32.ActiveCfg = Win8.1Release|Win32
		{5A1B3836-9A4A-43A0-85CC-96F7E1F1F063}.Win8.1Debug|Win32.Build.0 = Win8.1Release|Win32
		{5A1B3836-9A4A-43A0-85CC-96F7E1F1F063}.Win8.1Debug|Win32.Deploy.0 = Win8.1Release|Win32
		{5A1B3836-9A4A-43A0-85CC-96F7E1F1F063}.Win8.1Debug|x64.ActiveCfg = Win8.1Debug|x64
		{5A1B3836-9A4A-43A0-85CC-96F7E1F1F063}.Win8.1Debug|x64.Build.0 = Win8.1Debug|x64
		{5A1B3836-9A4A-43A0-85CC-96F7E1F1F063}.Win8.1Debug|x64.Deploy.0 = Win8.1Debug|x64
		{5A1B3836-9A4A-43A0-85CC-96F7E1F1F063}.Win8.1Release|Any CPU.ActiveCfg = Win8.1Release|x64
		{5A1B3836-9A4A-43A0-85CC-96F7E1F1F063}.Win8.1Release|Any CPU.Build.0 = Win8.1Release|x64
		{5A1B3836-9A4A-43A0-85CC-96F7E1F1F063}.Win8.1Release|Any CPU.Deploy.0 = Win8.1Release|x64
		{5A1B3836-9A4A-43A0-85CC-96F7E1F1F063}.Win8.1Release|Win32.ActiveCfg = Win8.1Release|Win32
		{5A1B3836-9A4A-43A0-85CC-96F7E1F1F063}.Win8.1Release|Win32.Build.0 = Win8.1Release|Win32
		{5A1B3836-9A4A-43A0-85CC-96F7E1F1F063}.Win8.1Release|Win32.Deploy.0 = Win8.1Release|Win32
		{5A1B3836-9A4A-43A0-85CC-96F7E1F1F063}.Win8.1Release|x64.ActiveCfg = Win8.1Release|x64
		{5A1B3836-9A4A-43A0-85CC-96F7E1F1F063}.Win8.1Release|x64.Build.0 = Win8.1Release|x64
		{5A1B3836-9A4A-43A0-85CC-96F7E1F1F063}.Win8.1Release|x64.Deploy.0 = Win8.1Release|x64
		{5A1B3836-9A4A-43A0-85CC-96F7E1F1F063}.Win8Debug|Any CPU.ActiveCfg = Win8.1Release|x64
		{5A1B3836-9A4A-43A0-85CC-96F7E1F1F063}.Win8Debug|Any CPU.Build.0 = Win8.1Release|x64
		{5A1B3836-9A4A-43A0-85CC-96F7E1F1F063}.Win8Debug|Any CPU.Deploy.0 = Win8.1Release|x64
		{5A1B3836-9A4A-43A0-85CC-96F7E1F1F063}.Win8Debug|Win32.ActiveCfg = Win8.1Release|Win32
		{5A1B3836-9A4A-43A0-85CC-96F7E1F1F063}.Win8Debug|Win32.Build.0 = Win8.1Release|Win32
		{5A1B3836-9A4A-43A0-85CC-96F7E1F1F063}.Win8Debug|Win32.Deploy.0 = Win8.1Release|Win32
		{5A1B3836-9A4A-43A0-85CC-96F7E1F1F063}.Win8Debug|x64.ActiveCfg = Win8Debug|x64
		{5A1B3836-9A4A-43A0-85CC-96F7E1F1F063}.Win8Debug|x64.Build.0 = Win8Debug|x64
		{5A1B3836-9A4A-43A0-85CC-96F7E1F1F063}.Win8Debug|x64.Deploy.0 = Win8Debug|x64
		{5A1B3836-9A4A-43A0-85CC-96F7E1F1F063}.Win8Release|Any CPU.ActiveCfg = Win8.1Release|x64
		{5A1B3836-9A4A-43A0-85CC-96F7E1F1F063}.Win8Release|Any CPU.Build.0 = Win8.1Release|x64
		{5A1B3836-9A4A-43A0-85CC-96F7E1F1F063}.Win8Release|Any CPU.Deploy.0 = Win8.1Release|x64
		{5A1B3836-9A4A-43A0-85CC-96F7E1F1F063}.Win8Release|Win32.ActiveCfg = Win8.1Release|Win32
		{5A1B3836-9A4A-43A0-85CC-96F7E1F1F063}.Win8Release|Win32.Build.0 = Win8.1Release|Win32
		{5A1B3836-9A4A-43A0-85CC-96F7E1F1F063}.Win8Release|Win32.Deploy.0 = Win8.1Release|Win32
		{5A1B3836-9A4A-43A0-85CC-96F7E1F1F063}.Win8Release|x64.ActiveCfg = Win8Release|x64
		{5A1B3836-9A4A-43A0-85CC-96F7E1F1F063}.Win8Release|x64.Build.0 = Win8Release|x64
		{5A1B3836-9A4A-43A0-85CC-96F7E1F1F063}.Win8Release|x64.Deploy.0 = Win8Release|x64
		{C7365361-D748-4AF9-BC14-0DDF83D6B803}.Debug|Any CPU.ActiveCfg = Debug|Win32
		{C7365361-D748-4AF9-BC14-0DDF83D6B803}.Debug|Win32.ActiveCfg = Debug|Win32
		{C7365361-D748-4AF9-BC14-0DDF83D6B803}.Debug|Win32.Build.0 = Debug|Win32
		{C7365361-D748-4AF9-BC14-0DDF83D6B803}.Debug|x64.ActiveCfg = Debug|x64
		{C7365361-D748-4AF9-BC14-0DDF83D6B803}.Debug|x64.Build.0 = Debug|x64
		{C7365361-D748-4AF9-BC14-0DDF83D6B803}.Release|Any CPU.ActiveCfg = Release|Win32
		{C7365361-D748-4AF9-BC14-0DDF83D6B803}.Release|Win32.ActiveCfg = Release|Win32
		{C7365361-D748-4AF9-BC14-0DDF83D6B803}.Release|Win32.Build.0 = Release|Win32
		{C7365361-D748-4AF9-BC14-0DDF83D6B803}.Release|x64.ActiveCfg = Release|x64
		{C7365361-D748-4AF9-BC14-0DDF83D6B803}.Release|x64.Build.0 = Release|x64
		{C7365361-D748-4AF9-BC14-0DDF83D6B803}.Win7Debug|Any CPU.ActiveCfg = Release|x64
		{C7365361-D748-4AF9-BC14-0DDF83D6B803}.Win7Debug|Any CPU.Build.0 = Release|x64
		{C7365361-D748-4AF9-BC14-0DDF83D6B803}.Win7Debug|Win32.ActiveCfg = Debug|Win32
		{C7365361-D748-4AF9-BC14-0DDF83D6B803}.Win7Debug|Win32.Build.0 = Debug|Win32
		{C7365361-D748-4AF9-BC14-0DDF83D6B803}.Win7Debug|x64.ActiveCfg = Debug|x64
		{C7365361-D748-4AF9-BC14-0DDF83D6B803}.Win7Debug|x64.Build.0 = Debug|x64
		{C7365361-D748-4AF9-BC14-0DDF83D6B803}.Win7Release|Any CPU.ActiveCfg = Release|x64
		{C7365361-D748-4AF9-BC14-0DDF83D6B803}.Win7Release|Any CPU.Build.0 = Release|x64
		{C7365361-D748-4AF9-BC14-0DDF83D6B803}.Win7Release|Win32.ActiveCfg = Release|Win32
		{C7365361-D748-4AF9-BC14-0DDF83D6B803}.Win7Release|Win32.Build.0 = Release|Win32
		{C7365361-D748-4AF9-BC14-0DDF83D6B803}.Win7Release|x64.ActiveCfg = Release|x64
		{C7365361-D748-4AF9-BC14-0DDF83D6B803}.Win7Release|x64.Build.0 = Release|x64
		{C7365361-D748-4AF9-BC14-0DDF83D6B803}.Win8.1Debug|Any CPU.ActiveCfg = Release|x64
		{C7365361-D748-4AF9-BC14-0DDF83D6B803}.Win8.1Debug|Any CPU.Build.0 = Release|x64
		{C7365361-D748-4AF9-BC14-0DDF83D6B803}.Win8.1Debug|Win32.ActiveCfg = Debug|Win32
		{C7365361-D748-4AF9-BC14-0DDF83D6B803}.Win8.1Debug|Win32.Build.0 = Debug|Win32
		{C7365361-D748-4AF9-BC14-0DDF83D6B803}.Win8.1Debug|x64.ActiveCfg = Debug|x64
		{C7365361-D748-4AF9-BC14-0DDF83D6B803}.Win8.1Debug|x64.Build.0 = Debug|x64
		{C7365361-D748-4AF9-BC14-0DDF83D6B803}.Win8.1Release|Any CPU.ActiveCfg = Release|x64
		{C7365361-D748-4AF9-BC14-0DDF83D6B803}.Win8.1Release|Any CPU.Build.0 = Release|x64
		{C7365361-D748-4AF9-BC14-0DDF83D6B803}.Win8.1Release|Win32.ActiveCfg = Release|Win32
		{C7365361-D748-4AF9-BC14-0DDF83D6B803}.Win8.1Release|Win32.Build.0 = Release|Win32
		{C7365361-D748-4AF9-BC14-0DDF83D6B803}.Win8.1Release|x64.ActiveCfg = Release|x64
		{C7365361-D748-4AF9-BC14-0DDF83D6B803}.Win8.1Release|x64.Build.0 = Release|x64
		{C7365361-D748-4AF9-BC14-0DDF83D6B803}.Win8Debug|Any CPU.ActiveCfg = Release|x64
		{C7365361-D748-4AF9-BC14-0DDF83D6B803}.Win8Debug|Any CPU.Build.0 = Release|x64
		{C7365361-D748-4AF9-BC14-0DDF83D6B803}.Win8Debug|Win32.ActiveCfg = Debug|Win32
		{C7365361-D748-4AF9-BC14-0DDF83D6B803}.Win8Debug|Win32.Build.0 = Debug|Win32
		{C7365361-D748-4AF9-BC14-0DDF83D6B803}.Win8Debug|x64.ActiveCfg = Debug|x64
		{C7365361-D748-4AF9-BC14-0DDF83D6B803}.Win8Debug|x64.Build.0 = Debug|x64
		{C7365361-D748-4AF9-BC14-0DDF83D6B803}.Win8Release|Any CPU.ActiveCfg = Release|x64
		{C7365361-D748-4AF9-BC14-0DDF83D6B803}.Win8Release|Any CPU.Build.0 = Release|x64
		{C7365361-D748-4AF9-BC14-0DDF83D6B803}.Win8Release|Win32.ActiveCfg = Release|Win32
		{C7365361-D748-4AF9-BC14-0DDF83D6B803}.Win8Release|Win32.Build.0 = Release|Win32
		{C7365361-D748-4AF9-BC14-0DDF83D6B803}.Win8Release|x64.ActiveCfg = Release|x64
		{C7365361-D748-4AF9-BC14-0DDF83D6B803}.Win8Release|x64.Build.0 = Release|x64
		{A393D480-CCEF-474E-B909-51BD826FCB1B}.Debug|Any CPU.ActiveCfg = Debug|Win32
		{A393D480-CCEF-474E-B909-51BD826FCB1B}.Debug|Win32.ActiveCfg = Debug|Win32
		{A393D480-CCEF-474E-B909-51BD826FCB1B}.Debug|Win32.Build.0 = Debug|Win32
		{A393D480-CCEF-474E-B909-51BD826FCB1B}.Debug|x64.ActiveCfg = Debug|x64
		{A393D480-CCEF-474E-B909-51BD826FCB1B}.Debug|x64.Build.0 = Debug|x64
		{A393D480-CCEF-474E-B909-51BD826FCB1B}.Release|Any CPU.ActiveCfg = Release|Win32
		{A393D480-CCEF-474E-B909-51BD826FCB1B}.Release|Win32.ActiveCfg = Release|Win32
		{A393D480-CCEF-474E-B909-51BD826FCB1B}.Release|Win32.Build.0 = Release|Win32
		{A393D480-CCEF-474E-B909-51BD826FCB1B}.Release|x64.ActiveCfg = Release|x64
		{A393D480-CCEF-474E-B909-51BD826FCB1B}.Release|x64.Build.0 = Release|x64
		{A393D480-CCEF-474E-B909-51BD826FCB1B}.Win7Debug|Any CPU.ActiveCfg = Release|x64
		{A393D480-CCEF-474E-B909-51BD826FCB1B}.Win7Debug|Any CPU.Build.0 = Release|x64
		{A393D480-CCEF-474E-B909-51BD826FCB1B}.Win7Debug|Win32.ActiveCfg = Debug|Win32
		{A393D480-CCEF-474E-B909-51BD826FCB1B}.Win7Debug|Win32.Build.0 = Debug|Win32
		{A393D480-CCEF-474E-B909-51BD826FCB1B}.Win7Debug|x64.ActiveCfg = Debug|x64
		{A393D480-CCEF-474E-B909-51BD826FCB1B}.Win7Debug|x64.Build.0 = Debug|x64
		{A393D480-CCEF-474E-B909-51BD826FCB1B}.Win7Release|Any CPU.ActiveCfg = Release|x64
		{A393D480-CCEF-474E-B909-51BD826FCB1B}.Win7Release|Any CPU.Build.0 = Release|x64
		{A393D480-CCEF-474E-B909-51BD826FCB1B}.Win7Release|Win32.ActiveCfg = Release|Win32
		{A393D480-CCEF-474E-B909-51BD826FCB1B}.Win7Release|Win32.Build.0 = Release|Win32
		{A393D480-CCEF-474E-B909-51BD826FCB1B}.Win7Release|x64.ActiveCfg = Release|x64
		{A393D480-CCEF-474E-B909-51BD826FCB1B}.Win7Release|x64.Build.0 = Release|x64
		{A393D480-CCEF-474E-B909-51BD826FCB1B}.Win8.1Debug|Any CPU.ActiveCfg = Release|x64
		{A393D480-CCEF-474E-B909-51BD826FCB1B}.Win8.1Debug|Any CPU.Build.0 = Release|x64
		{A393D480-CCEF-474E-B909-51BD826FCB1B}.Win8.1Debug|Win32.ActiveCfg = Debug|Win32
		{A393D480-CCEF-474E-B909-51BD826FCB1B}.Win8.1Debug|Win32.Build.0 = Debug|Win32
		{A393D480-CCEF-474E-B909-51BD826FCB1B}.Win8.1Debug|x64.ActiveCfg = Debug|x64
		{A393D480-CCEF-474E-B909-51BD826FCB1B}.Win8.1Debug|x64.Build.0 = Debug|x64
		{A393D480-CCEF-474E-B909-51BD826FCB1B}.Win8.1Release|Any CPU.ActiveCfg = Release|x64
		{A393D480-CCEF-474E-B909-51BD826FCB1B}.Win8.1Release|Any CPU.Build.0 = Release|x64
		{A393D480-CCEF-474E-B909-51BD826FCB1B}.Win8.1Release|Win32.ActiveCfg = Release|Win32
		{A393D480-CCEF-474E-B909-51BD826FCB1B}.Win8.1Release|Win32.Build.0 = Release|Win32
		{A393D480-CCEF-474E-B909-51BD826FCB1B}.Win8.1Release|x64.ActiveCfg = Release|x64
		{A393D480-CCEF-474E-B909-51BD826FCB1B}.Win8.1Release|x64.Build.0 = Release|x64
		{A393D480-CCEF-474E-B909-51BD826FCB1B}.Win8Debug|Any CPU.ActiveCfg = Release|x64
		{A393D480-CCEF-474E-B909-51BD826FCB1B}.Win8Debug|Any CPU.Build.0 = Release|x64
		{A393D480-CCEF-474E-B909-51BD826FCB1B}.Win8Debug|Win32.ActiveCfg = Debug|Win32
		{A393D480-CCEF-474E-B909-51BD826FCB1B}.Win8Debug|Win32.Build.0 = Debug|Win32
		{A393D480-CCEF-474E-B909-51BD826FCB1B}.Win8Debug|x64.ActiveCfg = Debug|x64
		{A393D480-CCEF-474E-B909-51BD826FCB1B}.Win8Debug|x64.Build.0 = Debug|x64
		{A393D480-CCEF-474E-B909-51BD826FCB1B}.Win8Release|Any CPU.ActiveCfg = Release|x64
		{A393D480-CCEF-474E-B909-51BD826FCB1B}.Win8Release|Any CPU.Build.0 = Release|x64
		{A393D480-CCEF-474E-B909-51BD826FCB1B}.Win8Release|Win32.ActiveCfg = Release|Win32
		{A393D480-CCEF-474E-B909-51BD826FCB1B}.Win8Release|Win32.Build.0 = Release|Win32
		{A393D480-CCEF-474E-B909-51BD826FCB1B}.Win8Release|x64.ActiveCfg = Release|x64
		{A393D480-CCEF-474E-B909-51BD826FCB1B}.Win8Release|x64.Build.0 = Release|x64
		{432ACD66-8797-4B87-BA40-1C131BE43307}.Debug|Any CPU.ActiveCfg = Debug|Win32
		{432ACD66-8797-4B87-BA40-1C131BE43307}.Debug|Win32.ActiveCfg = Debug|Win32
		{432ACD66-8797-4B87-BA40-1C131BE43307}.Debug|Win32.Build.0 = Debug|Win32
		{432ACD66-8797-4B87-BA40-1C131BE43307}.Debug|x64.ActiveCfg = Debug|x64
		{432ACD66-8797-4B87-BA40-1C131BE43307}.Debug|x64.Build.0 = Debug|x64
		{432ACD66-8797-4B87-BA40-1C131BE43307}.Release|Any CPU.ActiveCfg = Release|Win32
		{432ACD66-8797-4B87-BA40-1C131BE43307}.Release|Win32.ActiveCfg = Release|Win32
		{432ACD66-8797-4B87-BA40-1C131BE43307}.Release|Win32.Build.0 = Release|Win32
		{432ACD66-8797-4B87-BA40-1C131BE43307}.Release|x64.ActiveCfg = Release|x64
		{432ACD66-8797-4B87-BA40-1C131BE43307}.Release|x64.Build.0 = Release|x64
		{432ACD66-8797-4B87-BA40-1C131BE43307}.Win7Debug|Any CPU.ActiveCfg = Release|x64
		{432ACD66-8797-4B87-BA40-1C131BE43307}.Win7Debug|Any CPU.Build.0 = Release|x64
		{432ACD66-8797-4B87-BA40-1C131BE43307}.Win7Debug|Win32.ActiveCfg = Debug|Win32
		{432ACD66-8797-4B87-BA40-1C131BE43307}.Win7Debug|Win32.Build.0 = Debug|Win32
		{432ACD66-8797-4B87-BA40-1C131BE43307}.Win7Debug|x64.ActiveCfg = Debug|x64
		{432ACD66-8797-4B87-BA40-1C131BE43307}.Win7Debug|x64.Build.0 = Debug|x64
		{432ACD66-8797-4B87-BA40-1C131BE43307}.Win7Release|Any CPU.ActiveCfg = Release|x64
		{432ACD66-8797-4B87-BA40-1C131BE43307}.Win7Release|Any CPU.Build.0 = Release|x64
		{432ACD66-8797-4B87-BA40-1C131BE43307}.Win7Release|Win32.ActiveCfg = Release|Win32
		{432ACD66-8797-4B87-BA40-1C131BE43307}.Win7Release|Win32.Build.0 = Release|Win32
		{432ACD66-8797-4B87-BA40-1C131BE43307}.Win7Release|x64.ActiveCfg = Release|x64
		{432ACD66-8797-4B87-BA40-1C131BE43307}.Win7Release|x64.Build.0 = Release|x64
		{432ACD66-8797-4B87-BA40-1C131BE43307}.Win8.1Debug|Any CPU.ActiveCfg = Release|x64
		{432ACD66-8797-4B87-BA40-1C131BE43307}.Win8.1Debug|Any CPU.Build.0 = Release|x64
		{432ACD66-8797-4B87-BA40-1C131BE43307}.Win8.1Debug|Win32.ActiveCfg = Debug|Win32
		{432ACD66-8797-4B87-BA40-1C131BE43307}.Win8.1Debug|Win32.Build.0 = Debug|Win32
		{432ACD66-8797-4B87-BA40-1C131BE43307}.Win8.1Debug|x64.ActiveCfg = Debug|x64
		{432ACD66-8797-4B87-BA40-1C131BE43307}.Win8.1Debug|x64.Build.0 = Debug|x64
		{432ACD66-8797-4B87-BA40-1C131BE43307}.Win8.1Release|Any CPU.ActiveCfg = Release|x64
		{432ACD66-8797-4B87-BA40-1C131BE43307}.Win8.1Release|Any CPU.Build.0 = Release|x64
		{432ACD66-8797-4B87-BA40-1C131BE43307}.Win8.1Release|Win32.ActiveCfg = Release|Win32
		{432ACD66-8797-4B87-BA40-1C131BE43307}.Win8.1Release|Win32.Build.0 = Release|Win32
		{432ACD66-8797-4B87-BA40-1C131BE43307}.Win8.1Release|x64.ActiveCfg = Release|x64
		{432ACD66-8797-4B87-BA40-1C131BE43307}.Win8.1Release|x64.Build.0 = Release|x64
		{432ACD66-8797-4B87-BA40-1C131BE43307}.Win8Debug|Any CPU.ActiveCfg = Release|x64
		{432ACD66-8797-4B87-BA40-1C131BE43307}.Win8Debug|Any CPU.Build.0 = Release|x64
		{432ACD66-8797-4B87-BA40-1C131BE43307}.Win8Debug|Win32.ActiveCfg = Debug|Win32
		{432ACD66-8797-4B87-BA40-1C131BE43307}.Win8Debug|Win32.Build.0 = Debug|Win32
		{432ACD66-8797-4B87-BA40-1C131BE43307}.Win8Debug|x64.ActiveCfg = Debug|x64
		{432ACD66-8797-4B87-BA40-1C131BE43307}.Win8Debug|x64.Build.0 = Debug|x64
		{432ACD66-8797-4B87-BA40-1C131BE43307}.Win8Release|Any CPU.ActiveCfg = Release|x64
		{432ACD66-8797-4B87-BA40-1C131BE43307}.Win8Release|Any CPU.Build.0 = Release|x64
		{432ACD66-8797-4B87-BA40-1C131BE43307}.Win8Release|Win32.ActiveCfg = Release|Win32
		{432ACD66-8797-4B87-BA40-1C131BE43307}.Win8Release|Win32.Build.0 = Release|Win32
		{432ACD66-8797-4B87-BA40-1C131BE43307}.Win8Release|x64.ActiveCfg = Release|x64
		{432ACD66-8797-4B87-BA40-1C131BE43307}.Win8Release|x64.Build.0 = Release|x64
		{54812416-8B74-482E-9106-91DAFFBFDF20}.Debug|Any CPU.ActiveCfg = Debug|Win32
		{54812416-8B74-482E-9106-91DAFFBFDF20}.Debug|Win32.ActiveCfg = Debug|Win32
		{54812416-8B74-482E-9106-91DAFFBFDF20}.Debug|Win32.Build.0 = Debug|Win32
		{54812416-8B74-482E-9106-91DAFFBFDF20}.Debug|x64.ActiveCfg = Debug|x64
		{54812416-8B74-482E-9106-91DAFFBFDF20}.Debug|x64.Build.0 = Debug|x64
		{54812416-8B74-482E-9106-91DAFFBFDF20}.Release|Any CPU.ActiveCfg = Release|Win32
		{54812416-8B74-482E-9106-91DAFFBFDF20}.Release|Win32.ActiveCfg = Release|Win32
		{54812416-8B74-482E-9106-91DAFFBFDF20}.Release|Win32.Build.0 = Release|Win32
		{54812416-8B74-482E-9106-91DAFFBFDF20}.Release|x64.ActiveCfg = Release|x64
		{54812416-8B74-482E-9106-91DAFFBFDF20}.Release|x64.Build.0 = Release|x64
		{54812416-8B74-482E-9106-91DAFFBFDF20}.Win7Debug|Any CPU.ActiveCfg = Release|x64
		{54812416-8B74-482E-9106-91DAFFBFDF20}.Win7Debug|Any CPU.Build.0 = Release|x64
		{54812416-8B74-482E-9106-91DAFFBFDF20}.Win7Debug|Win32.ActiveCfg = Debug|Win32
		{54812416-8B74-482E-9106-91DAFFBFDF20}.Win7Debug|Win32.Build.0 = Debug|Win32
		{54812416-8B74-482E-9106-91DAFFBFDF20}.Win7Debug|x64.ActiveCfg = Debug|x64
		{54812416-8B74-482E-9106-91DAFFBFDF20}.Win7Debug|x64.Build.0 = Debug|x64
		{54812416-8B74-482E-9106-91DAFFBFDF20}.Win7Release|Any CPU.ActiveCfg = Release|x64
		{54812416-8B74-482E-9106-91DAFFBFDF20}.Win7Release|Any CPU.Build.0 = Release|x64
		{54812416-8B74-482E-9106-91DAFFBFDF20}.Win7Release|Win32.ActiveCfg = Release|Win32
		{54812416-8B74-482E-9106-91DAFFBFDF20}.Win7Release|Win32.Build.0 = Release|Win32
		{54812416-8B74-482E-9106-91DAFFBFDF20}.Win7Release|x64.ActiveCfg = Release|x64
		{54812416-8B74-482E-9106-91DAFFBFDF20}.Win7Release|x64.Build.0 = Release|x64
		{54812416-8B74-482E-9106-91DAFFBFDF20}.Win8.1Debug|Any CPU.ActiveCfg = Release|x64
		{54812416-8B74-482E-9106-91DAFFBFDF20}.Win8.1Debug|Any CPU.Build.0 = Release|x64
		{54812416-8B74-482E-9106-91DAFFBFDF20}.Win8.1Debug|Win32.ActiveCfg = Debug|Win32
		{54812416-8B74-482E-9106-91DAFFBFDF20}.Win8.1Debug|Win32.Build.0 = Debug|Win32
		{54812416-8B74-482E-9106-91DAFFBFDF20}.Win8.1Debug|x64.ActiveCfg = Debug|x64
		{54812416-8B74-482E-9106-91DAFFBFDF20}.Win8.1Debug|x64.Build.0 = Debug|x64
		{54812416-8B74-482E-9106-91DAFFBFDF20}.Win8.1Release|Any CPU.ActiveCfg = Release|x64
		{54812416-8B74-482E-9106-91DAFFBFDF20}.Win8.1Release|Any CPU.Build.0 = Release|x64
		{54812416-8B74-482E-9106-91DAFFBFDF20}.Win8.1Release|Win32.ActiveCfg = Release|Win32
		{54812416-8B74-482E-9106-91DAFFBFDF20}.Win8.1Release|Win32.Build.0 = Release|Win32
		{54812416-8B74-482E-9106-91DAFFBFDF20}.Win8.1Release|x64.ActiveCfg = Release|x64
		{54812416-8B74-482E-9106-91DAFFBFDF20}.Win8.1Release|x64.Build.0 = Release|x64
		{54812416-8B74-482E-9106-91DAFFBFDF20}.Win8Debug|Any CPU.ActiveCfg = Release|x64
		{54812416-8B74-482E-9106-91DAFFBFDF20}.Win8Debug|Any CPU.Build.0 = Release|x64
		{54812416-8B74-482E-9106-91DAFFBFDF20}.Win8Debug|Win32.ActiveCfg = Debug|Win32
		{54812416-8B74-482E-9106-91DAFFBFDF20}.Win8Debug|Win32.Build.0 = Debug|Win32
		{54812416-8B74-482E-9106-91DAFFBFDF20}.Win8Debug|x64.ActiveCfg = Debug|x64
		{54812416-8B74-482E-9106-91DAFFBFDF20}.Win8Debug|x64.Build.0 = Debug|x64
		{54812416-8B74-482E-9106-91DAFFBFDF20}.Win8Release|Any CPU.ActiveCfg = Release|x64
		{54812416-8B74-482E-9106-91DAFFBFDF20}.Win8Release|Any CPU.Build.0 = Release|x64
		{54812416-8B74-482E-9106-91DAFFBFDF20}.Win8Release|Win32.ActiveCfg = Release|Win32
		{54812416-8B74-482E-9106-91DAFFBFDF20}.Win8Release|Win32.Build.0 = Release|Win32
		{54812416-8B74-482E-9106-91DAFFBFDF20}.Win8Release|x64.ActiveCfg = Release|x64
		{54812416-8B74-482E-9106-91DAFFBFDF20}.Win8Release|x64.Build.0 = Release|x64
		{02E81D71-3C82-444B-B3A3-ADA3A3BDAE9A}.Debug|Any CPU.ActiveCfg = Debug|Win32
		{02E81D71-3C82-444B-B3A3-ADA3A3BDAE9A}.Debug|Win32.ActiveCfg = Debug|Win32
		{02E81D71-3C82-444B-B3A3-ADA3A3BDAE9A}.Debug|Win32.Build.0 = Debug|Win32
		{02E81D71-3C82-444B-B3A3-ADA3A3BDAE9A}.Debug|x64.ActiveCfg = Debug|x64
		{02E81D71-3C82-444B-B3A3-ADA3A3BDAE9A}.Debug|x64.Build.0 = Debug|x64
		{02E81D71-3C82-444B-B3A3-ADA3A3BDAE9A}.Release|Any CPU.ActiveCfg = Release|Win32
		{02E81D71-3C82-444B-B3A3-ADA3A3BDAE9A}.Release|Win32.ActiveCfg = Release|Win32
		{02E81D71-3C82-444B-B3A3-ADA3A3BDAE9A}.Release|Win32.Build.0 = Release|Win32
		{02E81D71-3C82-444B-B3A3-ADA3A3BDAE9A}.Release|x64.ActiveCfg = Release|x64
		{02E81D71-3C82-444B-B3A3-ADA3A3BDAE9A}.Release|x64.Build.0 = Release|x64
		{02E81D71-3C82-444B-B3A3-ADA3A3BDAE9A}.Win7Debug|Any CPU.ActiveCfg = Release|x64
		{02E81D71-3C82-444B-B3A3-ADA3A3BDAE9A}.Win7Debug|Any CPU.Build.0 = Release|x64
		{02E81D71-3C82-444B-B3A3-ADA3A3BDAE9A}.Win7Debug|Win32.ActiveCfg = Debug|Win32
		{02E81D71-3C82-444B-B3A3-ADA3A3BDAE9A}.Win7Debug|Win32.Build.0 = Debug|Win32
		{02E81D71-3C82-444B-B3A3-ADA3A3BDAE9A}.Win7Debug|x64.ActiveCfg = Debug|x64
		{02E81D71-3C82-444B-B3A3-ADA3A3BDAE9A}.Win7Debug|x64.Build.0 = Debug|x64
		{02E81D71-3C82-444B-B3A3-ADA3A3BDAE9A}.Win7Release|Any CPU.ActiveCfg = Release|x64
		{02E81D71-3C82-444B-B3A3-ADA3A3BDAE9A}.Win7Release|Any CPU.Build.0 = Release|x64
		{02E81D71-3C82-444B-B3A3-ADA3A3BDAE9A}.Win7Release|Win32.ActiveCfg = Release|Win32
		{02E81D71-3C82-444B-B3A3-ADA3A3BDAE9A}.Win7Release|Win32.Build.0 = Release|Win32
		{02E81D71-3C82-444B-B3A3-ADA3A3BDAE9A}.Win7Release|x64.ActiveCfg = Release|x64
		{02E81D71-3C82-444B-B3A3-ADA3A3BDAE9A}.Win7Release|x64.Build.0 = Release|x64
		{02E81D71-3C82-444B-B3A3-ADA3A3BDAE9A}.Win8.1Debug|Any CPU.ActiveCfg = Release|x64
		{02E81D71-3C82-444B-B3A3-ADA3A3BDAE9A}.Win8.1Debug|Any CPU.Build.0 = Release|x64
		{02E81D71-3C82-444B-B3A3-ADA3A3BDAE9A}.Win8.1Debug|Win32.ActiveCfg = Debug|Win32
		{02E81D71-3C82-444B-B3A3-ADA3A3BDAE9A}.Win8.1Debug|Win32.Build.0 = Debug|Win32
		{02E81D71-3C82-444B-B3A3-ADA3A3BDAE9A}.Win8.1Debug|x64.ActiveCfg = Debug|x64
		{02E81D71-3C82-444B-B3A3-ADA3A3BDAE9A}.Win8.1Debug|x64.Build.0 = Debug|x64
		{02E81D71-3C82-444B-B3A3-ADA3A3BDAE9A}.Win8.1Release|Any CPU.ActiveCfg = Release|x64
		{02E81D71-3C82-444B-B3A3-ADA3A3BDAE9A}.Win8.1Release|Any CPU.Build.0 = Release|x64
		{02E81D71-3C82-444B-B3A3-ADA3A3BDAE9A}.Win8.1Release|Win32.ActiveCfg = Release|Win32
		{02E81D71-3C82-444B-B3A3-ADA3A3BDAE9A}.Win8.1Release|Win32.Build.0 = Release|Win32
		{02E81D71-3C82-444B-B3A3-ADA3A3BDAE9A}.Win8.1Release|x64.ActiveCfg = Release|x64
		{02E81D71-3C82-444B-B3A3-ADA3A3BDAE9A}.Win8.1Release|x64.Build.0 = Release|x64
		{02E81D71-3C82-444B-B3A3-ADA3A3BDAE9A}.Win8Debug|Any CPU.ActiveCfg = Release|x64
		{02E81D71-3C82-444B-B3A3-ADA3A3BDAE9A}.Win8Debug|Any CPU.Build.0 = Release|x64
		{02E81D71-3C82-444B-B3A3-ADA3A3BDAE9A}.Win8Debug|Win32.ActiveCfg = Debug|Win32
		{02E81D71-3C82-444B-B3A3-ADA3A3BDAE9A}.Win8Debug|Win32.Build.0 = Debug|Win32
		{02E81D71-3C82-444B-B3A3-ADA3A3BDAE9A}.Win8Debug|x64.ActiveCfg = Debug|x64
		{02E81D71-3C82-444B-B3A3-ADA3A3BDAE9A}.Win8Debug|x64.Build.0 = Debug|x64
		{02E81D71-3C82-444B-B3A3-ADA3A3BDAE9A}.Win8Release|Any CPU.ActiveCfg = Release|x64
		{02E81D71-3C82-444B-B3A3-ADA3A3BDAE9A}.Win8Release|Any CPU.Build.0 = Release|x64
		{02E81D71-3C82-444B-B3A3-ADA3A3BDAE9A}.Win8Release|Win32.ActiveCfg = Release|Win32
		{02E81D71-3C82-444B-B3A3-ADA3A3BDAE9A}.Win8Release|Win32.Build.0 = Release|Win32
		{02E81D71-3C82-444B-B3A3-ADA3A3BDAE9A}.Win8Release|x64.ActiveCfg = Release|x64
		{02E81D71-3C82-444B-B3A3-ADA3A3BDAE9A}.Win8Release|x64.Build.0 = Release|x64
		{A00915E7-5F99-49DC-9E66-DE3770D99D90}.Debug|Any CPU.ActiveCfg = Debug|Win32
		{A00915E7-5F99-49DC-9E66-DE3770D99D90}.Debug|Win32.ActiveCfg = Debug|Win32
		{A00915E7-5F99-49DC-9E66-DE3770D99D90}.Debug|Win32.Build.0 = Debug|Win32
		{A00915E7-5F99-49DC-9E66-DE3770D99D90}.Debug|x64.ActiveCfg = Debug|x64
		{A00915E7-5F99-49DC-9E66-DE3770D99D90}.Debug|x64.Build.0 = Debug|x64
		{A00915E7-5F99-49DC-9E66-DE3770D99D90}.Release|Any CPU.ActiveCfg = Release|Win32
		{A00915E7-5F99-49DC-9E66-DE3770D99D90}.Release|Win32.ActiveCfg = Release|Win32
		{A00915E7-5F99-49DC-9E66-DE3770D99D90}.Release|Win32.Build.0 = Release|Win32
		{A00915E7-5F99-49DC-9E66-DE3770D99D90}.Release|x64.ActiveCfg = Release|x64
		{A00915E7-5F99-49DC-9E66-DE3770D99D90}.Release|x64.Build.0 = Release|x64
		{A00915E7-5F99-49DC-9E66-DE3770D99D90}.Win7Debug|Any CPU.ActiveCfg = Release|x64
		{A00915E7-5F99-49DC-9E66-DE3770D99D90}.Win7Debug|Any CPU.Build.0 = Release|x64
		{A00915E7-5F99-49DC-9E66-DE3770D99D90}.Win7Debug|Win32.ActiveCfg = Debug|Win32
		{A00915E7-5F99-49DC-9E66-DE3770D99D90}.Win7Debug|Win32.Build.0 = Debug|Win32
		{A00915E7-5F99-49DC-9E66-DE3770D99D90}.Win7Debug|x64.ActiveCfg = Debug|x64
		{A00915E7-5F99-49DC-9E66-DE3770D99D90}.Win7Debug|x64.Build.0 = Debug|x64
		{A00915E7-5F99-49DC-9E66-DE3770D99D90}.Win7Release|Any CPU.ActiveCfg = Release|x64
		{A00915E7-5F99-49DC-9E66-DE3770D99D90}.Win7Release|Any CPU.Build.0 = Release|x64
		{A00915E7-5F99-49DC-9E66-DE3770D99D90}.Win7Release|Win32.ActiveCfg = Release|Win32
		{A00915E7-5F99-49DC-9E66-DE3770D99D90}.Win7Release|Win32.Build.0 = Release|Win32
		{A00915E7-5F99-49DC-9E66-DE3770D99D90}.Win7Release|x64.ActiveCfg = Release|x64
		{A00915E7-5F99-49DC-9E66-DE3770D99D90}.Win7Release|x64.Build.0 = Release|x64
		{A00915E7-5F99-49DC-9E66-DE3770D99D90}.Win8.1Debug|Any CPU.ActiveCfg = Release|x64
		{A00915E7-5F99-49DC-9E66-DE3770D99D90}.Win8.1Debug|Any CPU.Build.0 = Release|x64
		{A00915E7-5F99-49DC-9E66-DE3770D99D90}.Win8.1Debug|Win32.ActiveCfg = Debug|Win32
		{A00915E7-5F99-49DC-9E66-DE3770D99D90}.Win8.1Debug|Win32.Build.0 = Debug|Win32
		{A00915E7-5F99-49DC-9E66-DE3770D99D90}.Win8.1Debug|x64.ActiveCfg = Debug|x64
		{A00915E7-5F99-49DC-9E66-DE3770D99D90}.Win8.1Debug|x64.Build.0 = Debug|x64
		{A00915E7-5F99-49DC-9E66-DE3770D99D90}.Win8.1Release|Any CPU.ActiveCfg = Release|x64
		{A00915E7-5F99-49DC-9E66-DE3770D99D90}.Win8.1Release|Any CPU.Build.0 = Release|x64
		{A00915E7-5F99-49DC-9E66-DE3770D99D90}.Win8.1Release|Win32.ActiveCfg = Release|Win32
		{A00915E7-5F99-49DC-9E66-DE3770D99D90}.Win8.1Release|Win32.Build.0 = Release|Win32
		{A00915E7-5F99-49DC-9E66-DE3770D99D90}.Win8.1Release|x64.ActiveCfg = Release|x64
		{A00915E7-5F99-49DC-9E66-DE3770D99D90}.Win8.1Release|x64.Build.0 = Release|x64
		{A00915E7-5F99-49DC-9E66-DE3770D99D90}.Win8Debug|Any CPU.ActiveCfg = Release|x64
		{A00915E7-5F99-49DC-9E66-DE3770D99D90}.Win8Debug|Any CPU.Build.0 = Release|x64
		{A00915E7-5F99-49DC-9E66-DE3770D99D90}.Win8Debug|Win32.ActiveCfg = Debug|Win32
		{A00915E7-5F99-49DC-9E66-DE3770D99D90}.Win8Debug|Win32.Build.0 = Debug|Win32
		{A00915E7-5F99-49DC-9E66-DE3770D99D90}.Win8Debug|x64.ActiveCfg = Debug|x64
		{A00915E7-5F99-49DC-9E66-DE3770D99D90}.Win8Debug|x64.Build.0 = Debug|x64
		{A00915E7-5F99-49DC-9E66-DE3770D99D90}.Win8Release|Any CPU.ActiveCfg = Release|x64
		{A00915E7-5F99-49DC-9E66-DE3770D99D90}.Win8Release|Any CPU.Build.0 = Release|x64
		{A00915E7-5F99-49DC-9E66-DE3770D99D90}.Win8Release|Win32.ActiveCfg = Release|Win32
		{A00915E7-5F99-49DC-9E66-DE3770D99D90}.Win8Release|Win32.Build.0 = Release|Win32
		{A00915E7-5F99-49DC-9E66-DE3770D99D90}.Win8Release|x64.ActiveCfg = Release|x64
		{A00915E7-5F99-49DC-9E66-DE3770D99D90}.Win8Release|x64.Build.0 = Release|x64
		{09BE382E-9210-4AFF-A2B1-110D16F6605F}.Debug|Any CPU.ActiveCfg = Debug|Win32
		{09BE382E-9210-4AFF-A2B1-110D16F6605F}.Debug|Win32.ActiveCfg = Debug|Win32
		{09BE382E-9210-4AFF-A2B1-110D16F6605F}.Debug|Win32.Build.0 = Debug|Win32
		{09BE382E-9210-4AFF-A2B1-110D16F6605F}.Debug|x64.ActiveCfg = Debug|x64
		{09BE382E-9210-4AFF-A2B1-110D16F6605F}.Debug|x64.Build.0 = Debug|x64
		{09BE382E-9210-4AFF-A2B1-110D16F6605F}.Release|Any CPU.ActiveCfg = Release|Win32
		{09BE382E-9210-4AFF-A2B1-110D16F6605F}.Release|Win32.ActiveCfg = Release|Win32
		{09BE382E-9210-4AFF-A2B1-110D16F6605F}.Release|Win32.Build.0 = Release|Win32
		{09BE382E-9210-4AFF-A2B1-110D16F6605F}.Release|x64.ActiveCfg = Release|x64
		{09BE382E-9210-4AFF-A2B1-110D16F6605F}.Release|x64.Build.0 = Release|x64
		{09BE382E-9210-4AFF-A2B1-110D16F6605F}.Win7Debug|Any CPU.ActiveCfg = Release|x64
		{09BE382E-9210-4AFF-A2B1-110D16F6605F}.Win7Debug|Any CPU.Build.0 = Release|x64
		{09BE382E-9210-4AFF-A2B1-110D16F6605F}.Win7Debug|Win32.ActiveCfg = Debug|Win32
		{09BE382E-9210-4AFF-A2B1-110D16F6605F}.Win7Debug|Win32.Build.0 = Debug|Win32
		{09BE382E-9210-4AFF-A2B1-110D16F6605F}.Win7Debug|x64.ActiveCfg = Debug|x64
		{09BE382E-9210-4AFF-A2B1-110D16F6605F}.Win7Debug|x64.Build.0 = Debug|x64
		{09BE382E-9210-4AFF-A2B1-110D16F6605F}.Win7Release|Any CPU.ActiveCfg = Release|x64
		{09BE382E-9210-4AFF-A2B1-110D16F6605F}.Win7Release|Any CPU.Build.0 = Release|x64
		{09BE382E-9210-4AFF-A2B1-110D16F6605F}.Win7Release|Win32.ActiveCfg = Release|Win32
		{09BE382E-9210-4AFF-A2B1-110D16F6605F}.Win7Release|Win32.Build.0 = Release|Win32
		{09BE382E-9210-4AFF-A2B1-110D16F6605F}.Win7Release|x64.ActiveCfg = Release|x64
		{09BE382E-9210-4AFF-A2B1-110D16F6605F}.Win7Release|x64.Build.0 = Release|x64
		{09BE382E-9210-4AFF-A2B1-110D16F6605F}.Win8.1Debug|Any CPU.ActiveCfg = Release|x64
		{09BE382E-9210-4AFF-A2B1-110D16F6605F}.Win8.1Debug|Any CPU.Build.0 = Release|x64
		{09BE382E-9210-4AFF-A2B1-110D16F6605F}.Win8.1Debug|Win32.ActiveCfg = Debug|Win32
		{09BE382E-9210-4AFF-A2B1-110D16F6605F}.Win8.1Debug|Win32.Build.0 = Debug|Win32
		{09BE382E-9210-4AFF-A2B1-110D16F6605F}.Win8.1Debug|x64.ActiveCfg = Debug|x64
		{09BE382E-9210-4AFF-A2B1-110D16F6605F}.Win8.1Debug|x64.Build.0 = Debug|x64
		{09BE382E-9210-4AFF-A2B1-110D16F6605F}.Win8.1Release|Any CPU.ActiveCfg = Release|x64
		{09BE382E-9210-4AFF-A2B1-110D16F6605F}.Win8.1Release|Any CPU.Build.0 = Release|x64
		{09BE382E-9210-4AFF-A2B1-110D16F6605F}.Win8.1Release|Win32.ActiveCfg = Release|Win32
		{09BE382E-9210-4AFF-A2B1-110D16F6605F}.Win8.1Release|Win32.Build.0 = Release|Win32
		{09BE382E-9210-4AFF-A2B1-110D16F6605F}.Win8.1Release|x64.ActiveCfg = Release|x64
		{09BE382E-9210-4AFF-A2B1-110D16F6605F}.Win8.1Release|x64.Build.0 = Release|x64
		{09BE382E-9210-4AFF-A2B1-110D16F6605F}.Win8Debug|Any CPU.ActiveCfg = Release|x64
		{09BE382E-9210-4AFF-A2B1-110D16F6605F}.Win8Debug|Any CPU.Build.0 = Release|x64
		{09BE382E-9210-4AFF-A2B1-110D16F6605F}.Win8Debug|Win32.ActiveCfg = Debug|Win32
		{09BE382E-9210-4AFF-A2B1-110D16F6605F}.Win8Debug|Win32.Build.0 = Debug|Win32
		{09BE382E-9210-4AFF-A2B1-110D16F6605F}.Win8Debug|x64.ActiveCfg = Debug|x64
		{09BE382E-9210-4AFF-A2B1-110D16F6605F}.Win8Debug|x64.Build.0 = Debug|x64
		{09BE382E-9210-4AFF-A2B1-110D16F6605F}.Win8Release|Any CPU.ActiveCfg = Release|x64
		{09BE382E-9210-4AFF-A2B1-110D16F6605F}.Win8Release|Any CPU.Build.0 = Release|x64
		{09BE382E-9210-4AFF-A2B1-110D16F6605F}.Win8Release|Win32.ActiveCfg = Release|Win32
		{09BE382E-9210-4AFF-A2B1-110D16F6605F}.Win8Release|Win32.Build.0 = Release|Win32
		{09BE382E-9210-4AFF-A2B1-110D16F6605F}.Win8Release|x64.ActiveCfg = Release|x64
		{09BE382E-9210-4AFF-A2B1-110D16F6605F}.Win8Release|x64.Build.0 = Release|x64
		{5CE27667-EEB2-4501-B232-92891714B347}.Debug|Any CPU.ActiveCfg = Debug|Win32
		{5CE27667-EEB2-4501-B232-92891714B347}.Debug|Win32.ActiveCfg = Debug|Win32
		{5CE27667-EEB2-4501-B232-92891714B347}.Debug|Win32.Build.0 = Debug|Win32
		{5CE27667-EEB2-4501-B232-92891714B347}.Debug|x64.ActiveCfg = Debug|x64
		{5CE27667-EEB2-4501-B232-92891714B347}.Debug|x64.Build.0 = Debug|x64
		{5CE27667-EEB2-4501-B232-92891714B347}.Release|Any CPU.ActiveCfg = Release|Win32
		{5CE27667-EEB2-4501-B232-92891714B347}.Release|Win32.ActiveCfg = Release|Win32
		{5CE27667-EEB2-4501-B232-92891714B347}.Release|Win32.Build.0 = Release|Win32
		{5CE27667-EEB2-4501-B232-92891714B347}.Release|x64.ActiveCfg = Release|x64
		{5CE27667-EEB2-4501-B232-92891714B347}.Release|x64.Build.0 = Release|x64
		{5CE27667-EEB2-4501-B232-92891714B347}.Win7Debug|Any CPU.ActiveCfg = Release|x64
		{5CE27667-EEB2-4501-B232-92891714B347}.Win7Debug|Any CPU.Build.0 = Release|x64
		{5CE27667-EEB2-4501-B232-92891714B347}.Win7Debug|Win32.ActiveCfg = Debug|Win32
		{5CE27667-EEB2-4501-B232-92891714B347}.Win7Debug|Win32.Build.0 = Debug|Win32
		{5CE27667-EEB2-4501-B232-92891714B347}.Win7Debug|x64.ActiveCfg = Debug|x64
		{5CE27667-EEB2-4501-B232-92891714B347}.Win7Debug|x64.Build.0 = Debug|x64
		{5CE27667-EEB2-4501-B232-92891714B347}.Win7Release|Any CPU.ActiveCfg = Release|x64
		{5CE27667-EEB2-4501-B232-92891714B347}.Win7Release|Any CPU.Build.0 = Release|x64
		{5CE27667-EEB2-4501-B232-92891714B347}.Win7Release|Win32.ActiveCfg = Release|Win32
		{5CE27667-EEB2-4501-B232-92891714B347}.Win7Release|Win32.Build.0 = Release|Win32
		{5CE27667-EEB2-4501-B232-92891714B347}.Win7Release|x64.ActiveCfg = Release|x64
		{5CE27667-EEB2-4501-B232-92891714B347}.Win7Release|x64.Build.0 = Release|x64
		{5CE27667-EEB2-4501-B232-92891714B347}.Win8.1Debug|Any CPU.ActiveCfg = Release|x64
		{5CE27667-EEB2-4501-B232-92891714B347}.Win8.1Debug|Any CPU.Build.0 = Release|x64
		{5CE27667-EEB2-4501-B232-92891714B347}.Win8.1Debug|Win32.ActiveCfg = Debug|Win32
		{5CE27667-EEB2-4501-B232-92891714B347}.Win8.1Debug|Win32.Build.0 = Debug|Win32
		{5CE27667-EEB2-4501-B232-92891714B347}.Win8.1Debug|x64.ActiveCfg = Debug|x64
		{5CE27667-EEB2-4501-B232-92891714B347}.Win8.1Debug|x64.Build.0 = Debug|x64
		{5CE27667-EEB2-4501-B232-92891714B347}.Win8.1Release|Any CPU.ActiveCfg = Release|x64
		{5CE27667-EEB2-4501-B232-92891714B347}.Win8.1Release|Any CPU.Build.0 = Release|x64
		{5CE27667-EEB2-4501-B232-92891714B347}.Win8.1Release|Win32.ActiveCfg = Release|Win32
		{5CE27667-EEB2-4501-B232-92891714B347}.Win8.1Release|Win32.Build.0 = Release|Win32
		{5CE27667-EEB2-4501-B232-92891714B347}.Win8.1Release|x64.ActiveCfg = Release|x64
		{5CE27667-EEB2-4501-B232-92891714B347}.Win8.1Release|x64.Build.0 = Release|x64
		{5CE27667-EEB2-4501-B232-92891714B347}.Win8Debug|Any CPU.ActiveCfg = Release|x64
		{5CE27667-EEB2-4501-B232-92891714B347}.Win8Debug|Any CPU.Build.0 = Release|x64
		{5CE27667-EEB2-4501-B232-92891714B347}.Win8Debug|Win32.ActiveCfg = Debug|Win32
		{5CE27667-EEB2-4501-B232-92891714B347}.Win8Debug|Win32.Build.0 = Debug|Win32
		{5CE27667-EEB2-4501-B232-92891714B347}.Win8Debug|x64.ActiveCfg = Debug|x64
		{5CE27667-EEB2-4501-B232-92891714B347}.Win8Debug|x64.Build.0 = Debug|x64
		{5CE27667-EEB2-4501-B232-92891714B347}.Win8Release|Any CPU.ActiveCfg = Release|x64
		{5CE27667-EEB2-4501-B232-92891714B347}.Win8Release|Any CPU.Build.0 = Release|x64
		{5CE27667-EEB2-4501-B232-92891714B347}.Win8Release|Win32.ActiveCfg = Release|Win32
		{5CE27667-EEB2-4501-B232-92891714B347}.Win8Release|Win32.Build.0 = Release|Win32
		{5CE27667-EEB2-4501-B232-92891714B347}.Win8Release|x64.ActiveCfg = Release|x64
		{5CE27667-EEB2-4501-B232-92891714B347}.Win8Release|x64.Build.0 = Release|x64
		{54C846C8-2402-474D-A729-22E9AA27E74E}.Debug|Any CPU.ActiveCfg = Debug|Win32
		{54C846C8-2402-474D-A729-22E9AA27E74E}.Debug|Win32.ActiveCfg = Debug|Win32
		{54C846C8-2402-474D-A729-22E9AA27E74E}.Debug|Win32.Build.0 = Debug|Win32
		{54C846C8-2402-474D-A729-22E9AA27E74E}.Debug|x64.ActiveCfg = Debug|x64
		{54C846C8-2402-474D-A729-22E9AA27E74E}.Debug|x64.Build.0 = Debug|x64
		{54C846C8-2402-474D-A729-22E9AA27E74E}.Release|Any CPU.ActiveCfg = Release|Win32
		{54C846C8-2402-474D-A729-22E9AA27E74E}.Release|Win32.ActiveCfg = Release|Win32
		{54C846C8-2402-474D-A729-22E9AA27E74E}.Release|Win32.Build.0 = Release|Win32
		{54C846C8-2402-474D-A729-22E9AA27E74E}.Release|x64.ActiveCfg = Release|x64
		{54C846C8-2402-474D-A729-22E9AA27E74E}.Release|x64.Build.0 = Release|x64
		{54C846C8-2402-474D-A729-22E9AA27E74E}.Win7Debug|Any CPU.ActiveCfg = Release|x64
		{54C846C8-2402-474D-A729-22E9AA27E74E}.Win7Debug|Any CPU.Build.0 = Release|x64
		{54C846C8-2402-474D-A729-22E9AA27E74E}.Win7Debug|Win32.ActiveCfg = Debug|Win32
		{54C846C8-2402-474D-A729-22E9AA27E74E}.Win7Debug|Win32.Build.0 = Debug|Win32
		{54C846C8-2402-474D-A729-22E9AA27E74E}.Win7Debug|x64.ActiveCfg = Debug|x64
		{54C846C8-2402-474D-A729-22E9AA27E74E}.Win7Debug|x64.Build.0 = Debug|x64
		{54C846C8-2402-474D-A729-22E9AA27E74E}.Win7Release|Any CPU.ActiveCfg = Release|x64
		{54C846C8-2402-474D-A729-22E9AA27E74E}.Win7Release|Any CPU.Build.0 = Release|x64
		{54C846C8-2402-474D-A729-22E9AA27E74E}.Win7Release|Win32.ActiveCfg = Release|Win32
		{54C846C8-2402-474D-A729-22E9AA27E74E}.Win7Release|Win32.Build.0 = Release|Win32
		{54C846C8-2402-474D-A729-22E9AA27E74E}.Win7Release|x64.ActiveCfg = Release|x64
		{54C846C8-2402-474D-A729-22E9AA27E74E}.Win7Release|x64.Build.0 = Release|x64
		{54C846C8-2402-474D-A729-22E9AA27E74E}.Win8.1Debug|Any CPU.ActiveCfg = Release|x64
		{54C846C8-2402-474D-A729-22E9AA27E74E}.Win8.1Debug|Any CPU.Build.0 = Release|x64
		{54C846C8-2402-474D-A729-22E9AA27E74E}.Win8.1Debug|Win32.ActiveCfg = Debug|Win32
		{54C846C8-2402-474D-A729-22E9AA27E74E}.Win8.1Debug|Win32.Build.0 = Debug|Win32
		{54C846C8-2402-474D-A729-22E9AA27E74E}.Win8.1Debug|x64.ActiveCfg = Debug|x64
		{54C846C8-2402-474D-A729-22E9AA27E74E}.Win8.1Debug|x64.Build.0 = Debug|x64
		{54C846C8-2402-474D-A729-22E9AA27E74E}.Win8.1Release|Any CPU.ActiveCfg = Release|x64
		{54C846C8-2402-474D-A729-22E9AA27E74E}.Win8.1Release|Any CPU.Build.0 = Release|x64
		{54C846C8-2402-474D-A729-22E9AA27E74E}.Win8.1Release|Win32.ActiveCfg = Release|Win32
		{54C846C8-2402-474D-A729-22E9AA27E74E}.Win8.1Release|Win32.Build.0 = Release|Win32
		{54C846C8-2402-474D-A729-22E9AA27E74E}.Win8.1Release|x64.ActiveCfg = Release|x64
		{54C846C8-2402-474D-A729-22E9AA27E74E}.Win8.1Release|x64.Build.0 = Release|x64
		{54C846C8-2402-474D-A729-22E9AA27E74E}.Win8Debug|Any CPU.ActiveCfg = Release|x64
		{54C846C8-2402-474D-A729-22E9AA27E74E}.Win8Debug|Any CPU.Build.0 = Release|x64
		{54C846C8-2402-474D-A729-22E9AA27E74E}.Win8Debug|Win32.ActiveCfg = Debug|Win32
		{54C846C8-2402-474D-A729-22E9AA27E74E}.Win8Debug|Win32.Build.0 = Debug|Win32
		{54C846C8-2402-474D-A729-22E9AA27E74E}.Win8Debug|x64.ActiveCfg = Debug|x64
		{54C846C8-2402-474D-A729-22E9AA27E74E}.Win8Debug|x64.Build.0 = Debug|x64
		{54C846C8-2402-474D-A729-22E9AA27E74E}.Win8Release|Any CPU.ActiveCfg = Release|x64
		{54C846C8-2402-474D-A729-22E9AA27E74E}.Win8Release|Any CPU.Build.0 = Release|x64
		{54C846C8-2402-474D-A729-22E9AA27E74E}.Win8Release|Win32.ActiveCfg = Release|Win32
		{54C846C8-2402-474D-A729-22E9AA27E74E}.Win8Release|Win32.Build.0 = Release|Win32
		{54C846C8-2402-474D-A729-22E9AA27E74E}.Win8Release|x64.ActiveCfg = Release|x64
		{54C846C8-2402-474D-A729-22E9AA27E74E}.Win8Release|x64.Build.0 = Release|x64
		{148BB68D-7118-4D5E-971E-2A4EAA1C8D89}.Debug|Any CPU.ActiveCfg = Debug|Win32
		{148BB68D-7118-4D5E-971E-2A4EAA1C8D89}.Debug|Win32.ActiveCfg = Debug|Win32
		{148BB68D-7118-4D5E-971E-2A4EAA1C8D89}.Debug|Win32.Build.0 = Debug|Win32
		{148BB68D-7118-4D5E-971E-2A4EAA1C8D89}.Debug|x64.ActiveCfg = Debug|x64
		{148BB68D-7118-4D5E-971E-2A4EAA1C8D89}.Debug|x64.Build.0 = Debug|x64
		{148BB68D-7118-4D5E-971E-2A4EAA1C8D89}.Release|Any CPU.ActiveCfg = Release|Win32
		{148BB68D-7118-4D5E-971E-2A4EAA1C8D89}.Release|Win32.ActiveCfg = Release|Win32
		{148BB68D-7118-4D5E-971E-2A4EAA1C8D89}.Release|Win32.Build.0 = Release|Win32
		{148BB68D-7118-4D5E-971E-2A4EAA1C8D89}.Release|x64.ActiveCfg = Release|x64
		{148BB68D-7118-4D5E-971E-2A4EAA1C8D89}.Release|x64.Build.0 = Release|x64
		{148BB68D-7118-4D5E-971E-2A4EAA1C8D89}.Win7Debug|Any CPU.ActiveCfg = Release|x64
		{148BB68D-7118-4D5E-971E-2A4EAA1C8D89}.Win7Debug|Any CPU.Build.0 = Release|x64
		{148BB68D-7118-4D5E-971E-2A4EAA1C8D89}.Win7Debug|Win32.ActiveCfg = Debug|Win32
		{148BB68D-7118-4D5E-971E-2A4EAA1C8D89}.Win7Debug|Win32.Build.0 = Debug|Win32
		{148BB68D-7118-4D5E-971E-2A4EAA1C8D89}.Win7Debug|x64.ActiveCfg = Debug|x64
		{148BB68D-7118-4D5E-971E-2A4EAA1C8D89}.Win7Debug|x64.Build.0 = Debug|x64
		{148BB68D-7118-4D5E-971E-2A4EAA1C8D89}.Win7Release|Any CPU.ActiveCfg = Release|x64
		{148BB68D-7118-4D5E-971E-2A4EAA1C8D89}.Win7Release|Any CPU.Build.0 = Release|x64
		{148BB68D-7118-4D5E-971E-2A4EAA1C8D89}.Win7Release|Win32.ActiveCfg = Release|Win32
		{148BB68D-7118-4D5E-971E-2A4EAA1C8D89}.Win7Release|Win32.Build.0 = Release|Win32
		{148BB68D-7118-4D5E-971E-2A4EAA1C8D89}.Win7Release|x64.ActiveCfg = Release|x64
		{148BB68D-7118-4D5E-971E-2A4EAA1C8D89}.Win7Release|x64.Build.0 = Release|x64
		{148BB68D-7118-4D5E-971E-2A4EAA1C8D89}.Win8.1Debug|Any CPU.ActiveCfg = Release|x64
		{148BB68D-7118-4D5E-971E-2A4EAA1C8D89}.Win8.1Debug|Any CPU.Build.0 = Release|x64
		{148BB68D-7118-4D5E-971E-2A4EAA1C8D89}.Win8.1Debug|Win32.ActiveCfg = Debug|Win32
		{148BB68D-7118-4D5E-971E-2A4EAA1C8D89}.Win8.1Debug|Win32.Build.0 = Debug|Win32
		{148BB68D-7118-4D5E-971E-2A4EAA1C8D89}.Win8.1Debug|x64.ActiveCfg = Debug|x64
		{148BB68D-7118-4D5E-971E-2A4EAA1C8D89}.Win8.1Debug|x64.Build.0 = Debug|x64
		{148BB68D-7118-4D5E-971E-2A4EAA1C8D89}.Win8.1Release|Any CPU.ActiveCfg = Release|x64
		{148BB68D-7118-4D5E-971E-2A4EAA1C8D89}.Win8.1Release|Any CPU.Build.0 = Release|x64
		{148BB68D-7118-4D5E-971E-2A4EAA1C8D89}.Win8.1Release|Win32.ActiveCfg = Release|Win32
		{148BB68D-7118-4D5E-971E-2A4EAA1C8D89}.Win8.1Release|Win32.Build.0 = Release|Win32
		{148BB68D-7118-4D5E-971E-2A4EAA1C8D89}.Win8.1Release|x64.ActiveCfg = Release|x64
		{148BB68D-7118-4D5E-971E-2A4EAA1C8D89}.Win8.1Release|x64.Build.0 = Release|x64
		{148BB68D-7118-4D5E-971E-2A4EAA1C8D89}.Win8Debug|Any CPU.ActiveCfg = Release|x64
		{148BB68D-7118-4D5E-971E-2A4EAA1C8D89}.Win8Debug|Any CPU.Build.0 = Release|x64
		{148BB68D-7118-4D5E-971E-2A4EAA1C8D89}.Win8Debug|Win32.ActiveCfg = Debug|Win32
		{148BB68D-7118-4D5E-971E-2A4EAA1C8D89}.Win8Debug|Win32.Build.0 = Debug|Win32
		{148BB68D-7118-4D5E-971E-2A4EAA1C8D89}.Win8Debug|x64.ActiveCfg = Debug|x64
		{148BB68D-7118-4D5E-971E-2A4EAA1C8D89}.Win8Debug|x64.Build.0 = Debug|x64
		{148BB68D-7118-4D5E-971E-2A4EAA1C8D89}.Win8Release|Any CPU.ActiveCfg = Release|x64
		{148BB68D-7118-4D5E-971E-2A4EAA1C8D89}.Win8Release|Any CPU.Build.0 = Release|x64
		{148BB68D-7118-4D5E-971E-2A4EAA1C8D89}.Win8Release|Win32.ActiveCfg = Release|Win32
		{148BB68D-7118-4D5E-971E-2A4EAA1C8D89}.Win8Release|Win32.Build.0 = Release|Win32
		{148BB68D-7118-4D5E-971E-2A4EAA1C8D89}.Win8Release|x64.ActiveCfg = Release|x64
		{148BB68D-7118-4D5E-971E-2A4EAA1C8D89}.Win8Release|x64.Build.0 = Release|x64
		{8C0C908E-8A24-4121-823E-003701173D83}.Debug|Any CPU.ActiveCfg = Debug|Win32
		{8C0C908E-8A24-4121-823E-003701173D83}.Debug|Win32.ActiveCfg = Debug|Win32
		{8C0C908E-8A24-4121-823E-003701173D83}.Debug|Win32.Build.0 = Debug|Win32
		{8C0C908E-8A24-4121-823E-003701173D83}.Debug|x64.ActiveCfg = Debug|x64
		{8C0C908E-8A24-4121-823E-003701173D83}.Debug|x64.Build.0 = Debug|x64
		{8C0C908E-8A24-4121-823E-003701173D83}.Release|Any CPU.ActiveCfg = Release|Win32
		{8C0C908E-8A24-4121-823E-003701173D83}.Release|Win32.ActiveCfg = Release|Win32
		{8C0C908E-8A24-4121-823E-003701173D83}.Release|Win32.Build.0 = Release|Win32
		{8C0C908E-8A24-4121-823E-003701173D83}.Release|x64.ActiveCfg = Release|x64
		{8C0C908E-8A24-4121-823E-003701173D83}.Release|x64.Build.0 = Release|x64
		{8C0C908E-8A24-4121-823E-003701173D83}.Win7Debug|Any CPU.ActiveCfg = Release|x64
		{8C0C908E-8A24-4121-823E-003701173D83}.Win7Debug|Any CPU.Build.0 = Release|x64
		{8C0C908E-8A24-4121-823E-003701173D83}.Win7Debug|Win32.ActiveCfg = Debug|Win32
		{8C0C908E-8A24-4121-823E-003701173D83}.Win7Debug|Win32.Build.0 = Debug|Win32
		{8C0C908E-8A24-4121-823E-003701173D83}.Win7Debug|x64.ActiveCfg = Debug|x64
		{8C0C908E-8A24-4121-823E-003701173D83}.Win7Debug|x64.Build.0 = Debug|x64
		{8C0C908E-8A24-4121-823E-003701173D83}.Win7Release|Any CPU.ActiveCfg = Release|x64
		{8C0C908E-8A24-4121-823E-003701173D83}.Win7Release|Any CPU.Build.0 = Release|x64
		{8C0C908E-8A24-4121-823E-003701173D83}.Win7Release|Win32.ActiveCfg = Release|Win32
		{8C0C908E-8A24-4121-823E-003701173D83}.Win7Release|Win32.Build.0 = Release|Win32
		{8C0C908E-8A24-4121-823E-003701173D83}.Win7Release|x64.ActiveCfg = Release|x64
		{8C0C908E-8A24-4121-823E-003701173D83}.Win7Release|x64.Build.0 = Release|x64
		{8C0C908E-8A24-4121-823E-003701173D83}.Win8.1Debug|Any CPU.ActiveCfg = Release|x64
		{8C0C908E-8A24-4121-823E-003701173D83}.Win8.1Debug|Any CPU.Build.0 = Release|x64
		{8C0C908E-8A24-4121-823E-003701173D83}.Win8.1Debug|Win32.ActiveCfg = Debug|Win32
		{8C0C908E-8A24-4121-823E-003701173D83}.Win8.1Debug|Win32.Build.0 = Debug|Win32
		{8C0C908E-8A24-4121-823E-003701173D83}.Win8.1Debug|x64.ActiveCfg = Debug|x64
		{8C0C908E-8A24-4121-823E-003701173D83}.Win8.1Debug|x64.Build.0 = Debug|x64
		{8C0C908E-8A24-4121-823E-003701173D83}.Win8.1Release|Any CPU.ActiveCfg = Release|x64
		{8C0C908E-8A24-4121-823E-003701173D83}.Win8.1Release|Any CPU.Build.0 = Release|x64
		{8C0C908E-8A24-4121-823E-003701173D83}.Win8.1Release|Win32.ActiveCfg = Release|Win32
		{8C0C908E-8A24-4121-823E-003701173D83}.Win8.1Release|Win32.Build.0 = Release|Win32
		{8C0C908E-8A24-4121-823E-003701173D83}.Win8.1Release|x64.ActiveCfg = Release|x64
		{8C0C908E-8A24-4121-823E-003701173D83}.Win8.1Release|x64.Build.0 = Release|x64
		{8C0C908E-8A24-4121-823E-003701173D83}.Win8Debug|Any CPU.ActiveCfg = Release|x64
		{8C0C908E-8A24-4121-823E-003701173D83}.Win8Debug|Any CPU.Build.0 = Release|x64
		{8C0C908E-8A24-4121-823E-003701173D83}.Win8Debug|Win32.ActiveCfg = Debug|Win32
		{8C0C908E-8A24-4121-823E-003701173D83}.Win8Debug|Win32.Build.0 = Debug|Win32
		{8C0C908E-8A24-4121-823E-003701173D83}.Win8Debug|x64.ActiveCfg = Debug|x64
		{8C0C908E-8A24-4121-823E-003701173D83}.Win8Debug|x64.Build.0 = Debug|x64
		{8C0C908E-8A24-4121-823E-003701173D83}.Win8Release|Any CPU.ActiveCfg = Release|x64
		{8C0C908E-8A24-4121-823E-003701173D83}.Win8Release|Any CPU.Build.0 = Release|x64
		{8C0C908E-8A24-4121-823E-003701173D83}.Win8Release|Win32.ActiveCfg = Release|Win32
		{8C0C908E-8A24-4121-823E-003701173D83}.Win8Release|Win32.Build.0 = Release|Win32
		{8C0C908E-8A24-4121-823E-003701173D83}.Win8Release|x64.ActiveCfg = Release|x64
		{8C0C908E-8A24-4121-823E-003701173D83}.Win8Release|x64.Build.0 = Release|x64
		{FB7D322F-691B-4F0F-8F98-73E67F5FDCB8}.Debug|Any CPU.ActiveCfg = Debug|Win32
		{FB7D322F-691B-4F0F-8F98-73E67F5FDCB8}.Debug|Win32.ActiveCfg = Debug|Win32
		{FB7D322F-691B-4F0F-8F98-73E67F5FDCB8}.Debug|Win32.Build.0 = Debug|Win32
		{FB7D322F-691B-4F0F-8F98-73E67F5FDCB8}.Debug|x64.ActiveCfg = Debug|x64
		{FB7D322F-691B-4F0F-8F98-73E67F5FDCB8}.Debug|x64.Build.0 = Debug|x64
		{FB7D322F-691B-4F0F-8F98-73E67F5FDCB8}.Release|Any CPU.ActiveCfg = Release|Win32
		{FB7D322F-691B-4F0F-8F98-73E67F5FDCB8}.Release|Win32.ActiveCfg = Release|Win32
		{FB7D322F-691B-4F0F-8F98-73E67F5FDCB8}.Release|Win32.Build.0 = Release|Win32
		{FB7D322F-691B-4F0F-8F98-73E67F5FDCB8}.Release|x64.ActiveCfg = Release|x64
		{FB7D322F-691B-4F0F-8F98-73E67F5FDCB8}.Release|x64.Build.0 = Release|x64
		{FB7D322F-691B-4F0F-8F98-73E67F5FDCB8}.Win7Debug|Any CPU.ActiveCfg = Release|x64
		{FB7D322F-691B-4F0F-8F98-73E67F5FDCB8}.Win7Debug|Any CPU.Build.0 = Release|x64
		{FB7D322F-691B-4F0F-8F98-73E67F5FDCB8}.Win7Debug|Win32.ActiveCfg = Debug|Win32
		{FB7D322F-691B-4F0F-8F98-73E67F5FDCB8}.Win7Debug|Win32.Build.0 = Debug|Win32
		{FB7D322F-691B-4F0F-8F98-73E67F5FDCB8}.Win7Debug|x64.ActiveCfg = Debug|x64
		{FB7D322F-691B-4F0F-8F98-73E67F5FDCB8}.Win7Debug|x64.Build.0 = Debug|x64
		{FB7D322F-691B-4F0F-8F98-73E67F5FDCB8}.Win7Release|Any CPU.ActiveCfg = Release|x64
		{FB7D322F-691B-4F0F-8F98-73E67F5FDCB8}.Win7Release|Any CPU.Build.0 = Release|x64
		{FB7D322F-691B-4F0F-8F98-73E67F5FDCB8}.Win7Release|Win32.ActiveCfg = Release|Win32
		{FB7D322F-691B-4F0F-8F98-73E67F5FDCB8}.Win7Release|Win32.Build.0 = Release|Win32
		{FB7D322F-691B-4F0F-8F98-73E67F5FDCB8}.Win7Release|x64.ActiveCfg = Release|x64
		{FB7D322F-691B-4F0F-8F98-73E67F5FDCB8}.Win7Release|x64.Build.0 = Release|x64
		{FB7D322F-691B-4F0F-8F98-73E67F5FDCB8}.Win8.1Debug|Any CPU.ActiveCfg = Release|x64
		{FB7D322F-691B-4F0F-8F98-73E67F5FDCB8}.Win8.1Debug|Any CPU.Build.0 = Release|x64
		{FB7D322F-691B-4F0F-8F98-73E67F5FDCB8}.Win8.1Debug|Win32.ActiveCfg = Debug|Win32
		{FB7D322F-691B-4F0F-8F98-73E67F5FDCB8}.Win8.1Debug|Win32.Build.0 = Debug|Win32
		{FB7D322F-691B-4F0F-8F98-73E67F5FDCB8}.Win8.1Debug|x64.ActiveCfg = Debug|x64
		{FB7D322F-691B-4F0F-8F98-73E67F5FDCB8}.Win8.1Debug|x64.Build.0 = Debug|x64
		{FB7D322F-691B-4F0F-8F98-73E67F5FDCB8}.Win8.1Release|Any CPU.ActiveCfg = Release|x64
		{FB7D322F-691B-4F0F-8F98-73E67F5FDCB8}.Win8.1Release|Any CPU.Build.0 = Release|x64
		{FB7D322F-691B-4F0F-8F98-73E67F5FDCB8}.Win8.1Release|Win32.ActiveCfg = Release|Win32
		{FB7D322F-691B-4F0F-8F98-73E67F5FDCB8}.Win8.1Release|Win32.Build.0 = Release|Win32
		{FB7D322F-691B-4F0F-8F98-73E67F5FDCB8}.Win8.1Release|x64.ActiveCfg = Release|x64
		{FB7D322F-691B-4F0F-8F98-73E67F5FDCB8}.Win8.1Release|x64.Build.0 = Release|x64
		{FB7D322F-691B-4F0F-8F98-73E67F5FDCB8}.Win8Debug|Any CPU.ActiveCfg = Release|x64
		{FB7D322F-691B-4F0F-8F98-73E67F5FDCB8}.Win8Debug|Any CPU.Build.0 = Release|x64
		{FB7D322F-691B-4F0F-8F98-73E67F5FDCB8}.Win8Debug|Win32.ActiveCfg = Debug|Win32
		{FB7D322F-691B-4F0F-8F98-73E67F5FDCB8}.Win8Debug|Win32.Build.0 = Debug|Win32
		{FB7D322F-691B-4F0F-8F98-73E67F5FDCB8}.Win8Debug|x64.ActiveCfg = Debug|x64
		{FB7D322F-691B-4F0F-8F98-73E67F5FDCB8}.Win8Debug|x64.Build.0 = Debug|x64
		{FB7D322F-691B-4F0F-8F98-73E67F5FDCB8}.Win8Release|Any CPU.ActiveCfg = Release|x64
		{FB7D322F-691B-4F0F-8F98-73E67F5FDCB8}.Win8Release|Any CPU.Build.0 = Release|x64
		{FB7D322F-691B-4F0F-8F98-73E67F5FDCB8}.Win8Release|Win32.ActiveCfg = Release|Win32
		{FB7D322F-691B-4F0F-8F98-73E67F5FDCB8}.Win8Release|Win32.Build.0 = Release|Win32
		{FB7D322F-691B-4F0F-8F98-73E67F5FDCB8}.Win8Release|x64.ActiveCfg = Release|x64
		{FB7D322F-691B-4F0F-8F98-73E67F5FDCB8}.Win8Release|x64.Build.0 = Release|x64
		{30D51D2B-DACE-4732-9F0B-43A87F35277B}.Debug|Any CPU.ActiveCfg = Debug|Win32
		{30D51D2B-DACE-4732-9F0B-43A87F35277B}.Debug|Win32.ActiveCfg = Debug|Win32
		{30D51D2B-DACE-4732-9F0B-43A87F35277B}.Debug|Win32.Build.0 = Debug|Win32
		{30D51D2B-DACE-4732-9F0B-43A87F35277B}.Debug|x64.ActiveCfg = Debug|x64
		{30D51D2B-DACE-4732-9F0B-43A87F35277B}.Debug|x64.Build.0 = Debug|x64
		{30D51D2B-DACE-4732-9F0B-43A87F35277B}.Release|Any CPU.ActiveCfg = Release|Win32
		{30D51D2B-DACE-4732-9F0B-43A87F35277B}.Release|Win32.ActiveCfg = Release|Win32
		{30D51D2B-DACE-4732-9F0B-43A87F35277B}.Release|Win32.Build.0 = Release|Win32
		{30D51D2B-DACE-4732-9F0B-43A87F35277B}.Release|x64.ActiveCfg = Release|x64
		{30D51D2B-DACE-4732-9F0B-43A87F35277B}.Release|x64.Build.0 = Release|x64
		{30D51D2B-DACE-4732-9F0B-43A87F35277B}.Win7Debug|Any CPU.ActiveCfg = Release|x64
		{30D51D2B-DACE-4732-9F0B-43A87F35277B}.Win7Debug|Any CPU.Build.0 = Release|x64
		{30D51D2B-DACE-4732-9F0B-43A87F35277B}.Win7Debug|Win32.ActiveCfg = Debug|Win32
		{30D51D2B-DACE-4732-9F0B-43A87F35277B}.Win7Debug|Win32.Build.0 = Debug|Win32
		{30D51D2B-DACE-4732-9F0B-43A87F35277B}.Win7Debug|x64.ActiveCfg = Debug|x64
		{30D51D2B-DACE-4732-9F0B-43A87F35277B}.Win7Debug|x64.Build.0 = Debug|x64
		{30D51D2B-DACE-4732-9F0B-43A87F35277B}.Win7Release|Any CPU.ActiveCfg = Release|x64
		{30D51D2B-DACE-4732-9F0B-43A87F35277B}.Win7Release|Any CPU.Build.0 = Release|x64
		{30D51D2B-DACE-4732-9F0B-43A87F35277B}.Win7Release|Win32.ActiveCfg = Release|Win32
		{30D51D2B-DACE-4732-9F0B-43A87F35277B}.Win7Release|Win32.Build.0 = Release|Win32
		{30D51D2B-DACE-4732-9F0B-43A87F35277B}.Win7Release|x64.ActiveCfg = Release|x64
		{30D51D2B-DACE-4732-9F0B-43A87F35277B}.Win7Release|x64.Build.0 = Release|x64
		{30D51D2B-DACE-4732-9F0B-43A87F35277B}.Win8.1Debug|Any CPU.ActiveCfg = Release|x64
		{30D51D2B-DACE-4732-9F0B-43A87F35277B}.Win8.1Debug|Any CPU.Build.0 = Release|x64
		{30D51D2B-DACE-4732-9F0B-43A87F35277B}.Win8.1Debug|Win32.ActiveCfg = Debug|Win32
		{30D51D2B-DACE-4732-9F0B-43A87F35277B}.Win8.1Debug|Win32.Build.0 = Debug|Win32
		{30D51D2B-DACE-4732-9F0B-43A87F35277B}.Win8.1Debug|x64.ActiveCfg = Debug|x64
		{30D51D2B-DACE-4732-9F0B-43A87F35277B}.Win8.1Debug|x64.Build.0 = Debug|x64
		{30D51D2B-DACE-4732-9F0B-43A87F35277B}.Win8.1Release|Any CPU.ActiveCfg = Release|x64
		{30D51D2B-DACE-4732-9F0B-43A87F35277B}.Win8.1Release|Any CPU.Build.0 = Release|x64
		{30D51D2B-DACE-4732-9F0B-43A87F35277B}.Win8.1Release|Win32.ActiveCfg = Release|Win32
		{30D51D2B-DACE-4732-9F0B-43A87F35277B}.Win8.1Release|Win32.Build.0 = Release|Win32
		{30D51D2B-DACE-4732-9F0B-43A87F35277B}.Win8.1Release|x64.ActiveCfg = Release|x64
		{30D51D2B-DACE-4732-9F0B-43A87F35277B}.Win8.1Release|x64.Build.0 = Release|x64
		{30D51D2B-DACE-4732-9F0B-43A87F35277B}.Win8Debug|Any CPU.ActiveCfg = Release|x64
		{30D51D2B-DACE-4732-9F0B-43A87F35277B}.Win8Debug|Any CPU.Build.0 = Release|x64
		{30D51D2B-DACE-4732-9F0B-43A87F35277B}.Win8Debug|Win32.ActiveCfg = Debug|Win32
		{30D51D2B-DACE-4732-9F0B-43A87F35277B}.Win8Debug|Win32.Build.0 = Debug|Win32
		{30D51D2B-DACE-4732-9F0B-43A87F35277B}.Win8Debug|x64.ActiveCfg = Debug|x64
		{30D51D2B-DACE-4732-9F0B-43A87F35277B}.Win8Debug|x64.Build.0 = Debug|x64
		{30D51D2B-DACE-4732-9F0B-43A87F35277B}.Win8Release|Any CPU.ActiveCfg = Release|x64
		{30D51D2B-DACE-4732-9F0B-43A87F35277B}.Win8Release|Any CPU.Build.0 = Release|x64
		{30D51D2B-DACE-4732-9F0B-43A87F35277B}.Win8Release|Win32.ActiveCfg = Release|Win32
		{30D51D2B-DACE-4732-9F0B-43A87F35277B}.Win8Release|Win32.Build.0 = Release|Win32
		{30D51D2B-DACE-4732-9F0B-43A87F35277B}.Win8Release|x64.ActiveCfg = Release|x64
		{30D51D2B-DACE-4732-9F0B-43A87F35277B}.Win8Release|x64.Build.0 = Release|x64
	EndGlobalSection
	GlobalSection(SolutionProperties) = preSolution
		HideSolutionNode = FALSE
	EndGlobalSection
	GlobalSection(NestedProjects) = preSolution
		{5A1B3836-9A4A-43A0-85CC-96F7E1F1F063} = {3F543635-FF30-4B88-B55C-1C74FC3BF793}
		{C7365361-D748-4AF9-BC14-0DDF83D6B803} = {B0B3DF26-6B87-48E2-8480-131E47286015}
		{A393D480-CCEF-474E-B909-51BD826FCB1B} = {B0B3DF26-6B87-48E2-8480-131E47286015}
		{432ACD66-8797-4B87-BA40-1C131BE43307} = {B0B3DF26-6B87-48E2-8480-131E47286015}
		{54812416-8B74-482E-9106-91DAFFBFDF20} = {B0B3DF26-6B87-48E2-8480-131E47286015}
		{02E81D71-3C82-444B-B3A3-ADA3A3BDAE9A} = {B0B3DF26-6B87-48E2-8480-131E47286015}
		{A00915E7-5F99-49DC-9E66-DE3770D99D90} = {B0B3DF26-6B87-48E2-8480-131E47286015}
		{09BE382E-9210-4AFF-A2B1-110D16F6605F} = {B0B3DF26-6B87-48E2-8480-131E47286015}
		{5CE27667-EEB2-4501-B232-92891714B347} = {B0B3DF26-6B87-48E2-8480-131E47286015}
		{54C846C8-2402-474D-A729-22E9AA27E74E} = {B0B3DF26-6B87-48E2-8480-131E47286015}
		{148BB68D-7118-4D5E-971E-2A4EAA1C8D89} = {B0B3DF26-6B87-48E2-8480-131E47286015}
		{8C0C908E-8A24-4121-823E-003701173D83} = {B0B3DF26-6B87-48E2-8480-131E47286015}
		{FB7D322F-691B-4F0F-8F98-73E67F5FDCB8} = {4665CB92-2F38-425C-AE13-E2F64CE216A2}
		{30D51D2B-DACE-4732-9F0B-43A87F35277B} = {4665CB92-2F38-425C-AE13-E2F64CE216A2}
	EndGlobalSection
EndGlobal
